// !$*UTF8*$!
{
	archiveVersion = 1;
	classes = {
	};
	objectVersion = 46;
	objects = {

/* Begin PBXBuildFile section */
		4624B67B1AABFC9600C74CF1 /* NavController.m in Sources */ = {isa = PBXBuildFile; fileRef = 4624B67A1AABFC9600C74CF1 /* NavController.m */; };
		466BA7181AB2433B00F60CAD /* UIColor+Helper.m in Sources */ = {isa = PBXBuildFile; fileRef = 466BA7171AB2433B00F60CAD /* UIColor+Helper.m */; };
		4686BDCF1AB0AF08005ABC3C /* SSS_STYLESHEET_2.css in Resources */ = {isa = PBXBuildFile; fileRef = 4686BDCE1AB0AF08005ABC3C /* SSS_STYLESHEET_2.css */; };
		46F217E71AAD0E2E004C1FD7 /* CourseViewer.m in Sources */ = {isa = PBXBuildFile; fileRef = 46F217E61AAD0E2E004C1FD7 /* CourseViewer.m */; };
		46F217F11AAD273C004C1FD7 /* community.jpg in Resources */ = {isa = PBXBuildFile; fileRef = 46F217EC1AAD273C004C1FD7 /* community.jpg */; };
		46F217F21AAD273C004C1FD7 /* learning.jpg in Resources */ = {isa = PBXBuildFile; fileRef = 46F217ED1AAD273C004C1FD7 /* learning.jpg */; };
		46F217F31AAD273C004C1FD7 /* people.jpg in Resources */ = {isa = PBXBuildFile; fileRef = 46F217EE1AAD273C004C1FD7 /* people.jpg */; };
		46F217F41AAD273C004C1FD7 /* research.jpg in Resources */ = {isa = PBXBuildFile; fileRef = 46F217EF1AAD273C004C1FD7 /* research.jpg */; };
		46F217F51AAD273C004C1FD7 /* sports.jpg in Resources */ = {isa = PBXBuildFile; fileRef = 46F217F01AAD273C004C1FD7 /* sports.jpg */; };
		46FB559F1AB24CDE004D447B /* QRController.m in Sources */ = {isa = PBXBuildFile; fileRef = 46FB559E1AB24CDE004D447B /* QRController.m */; };
		46FBF7021AACDDF900A10862 /* LoginController.m in Sources */ = {isa = PBXBuildFile; fileRef = 46FBF7011AACDDF900A10862 /* LoginController.m */; };
		46FBF7061AACE7C900A10862 /* updateWebForm.js in Resources */ = {isa = PBXBuildFile; fileRef = 46FBF7051AACE7C900A10862 /* updateWebForm.js */; };
		493100B51AA9929D00DEE72F /* HomeScreen.m in Sources */ = {isa = PBXBuildFile; fileRef = 493100B41AA9929D00DEE72F /* HomeScreen.m */; };
		493100B81AA992E900DEE72F /* NewsDetailView.m in Sources */ = {isa = PBXBuildFile; fileRef = 493100B71AA992E900DEE72F /* NewsDetailView.m */; };
		493100BB1AA9934900DEE72F /* NewsMenu.m in Sources */ = {isa = PBXBuildFile; fileRef = 493100BA1AA9934900DEE72F /* NewsMenu.m */; };
		493100BE1AA9935C00DEE72F /* NewsMenuTableCell.m in Sources */ = {isa = PBXBuildFile; fileRef = 493100BD1AA9935C00DEE72F /* NewsMenuTableCell.m */; };
		493100C11AA9936B00DEE72F /* RSS_TableViewController.m in Sources */ = {isa = PBXBuildFile; fileRef = 493100C01AA9936B00DEE72F /* RSS_TableViewController.m */; };
		493100C41AA9937C00DEE72F /* RSS_TableViewCell.m in Sources */ = {isa = PBXBuildFile; fileRef = 493100C31AA9937C00DEE72F /* RSS_TableViewCell.m */; };
		4988F59E1AA44D5700A881E6 /* main.m in Sources */ = {isa = PBXBuildFile; fileRef = 4988F59D1AA44D5700A881E6 /* main.m */; };
		4988F5A11AA44D5800A881E6 /* AppDelegate.m in Sources */ = {isa = PBXBuildFile; fileRef = 4988F5A01AA44D5800A881E6 /* AppDelegate.m */; };
		4988F5A71AA44D5800A881E6 /* Main.storyboard in Resources */ = {isa = PBXBuildFile; fileRef = 4988F5A51AA44D5800A881E6 /* Main.storyboard */; };
		4988F5A91AA44D5800A881E6 /* Images.xcassets in Resources */ = {isa = PBXBuildFile; fileRef = 4988F5A81AA44D5800A881E6 /* Images.xcassets */; };
		4988F5AC1AA44D5800A881E6 /* LaunchScreen.xib in Resources */ = {isa = PBXBuildFile; fileRef = 4988F5AA1AA44D5800A881E6 /* LaunchScreen.xib */; };
		4988F5B81AA44D5800A881E6 /* SFUMobileAppTests.m in Sources */ = {isa = PBXBuildFile; fileRef = 4988F5B71AA44D5800A881E6 /* SFUMobileAppTests.m */; };
		49BE05A01AAA7ABD0094504A /* TFHpple.m in Sources */ = {isa = PBXBuildFile; fileRef = 49BE059B1AAA7ABD0094504A /* TFHpple.m */; };
		49BE05A11AAA7ABD0094504A /* TFHppleElement.m in Sources */ = {isa = PBXBuildFile; fileRef = 49BE059D1AAA7ABD0094504A /* TFHppleElement.m */; };
		49BE05A21AAA7ABD0094504A /* XPathQuery.m in Sources */ = {isa = PBXBuildFile; fileRef = 49BE059F1AAA7ABD0094504A /* XPathQuery.m */; };
		49BE05A41AAA7AFA0094504A /* SSS_STYLESHEET_1.css in Resources */ = {isa = PBXBuildFile; fileRef = 49BE05A31AAA7AFA0094504A /* SSS_STYLESHEET_1.css */; };
		49BE05A91AAA7C6C0094504A /* libxml2.dylib in Frameworks */ = {isa = PBXBuildFile; fileRef = 49BE05A81AAA7C6C0094504A /* libxml2.dylib */; };
		49BE05AB1AAA7C770094504A /* CoreGraphics.framework in Frameworks */ = {isa = PBXBuildFile; fileRef = 49BE05AA1AAA7C770094504A /* CoreGraphics.framework */; };
		49BE05AD1AAA7C830094504A /* UIKit.framework in Frameworks */ = {isa = PBXBuildFile; fileRef = 49BE05AC1AAA7C830094504A /* UIKit.framework */; };
		49BE05AF1AAA7C8C0094504A /* Foundation.framework in Frameworks */ = {isa = PBXBuildFile; fileRef = 49BE05AE1AAA7C8C0094504A /* Foundation.framework */; };
		6DC67F161AABD04000DB7DA0 /* ConnectV2.m in Sources */ = {isa = PBXBuildFile; fileRef = 6DC67F151AABD04000DB7DA0 /* ConnectV2.m */; };
/* End PBXBuildFile section */

/* Begin PBXContainerItemProxy section */
		4988F5B21AA44D5800A881E6 /* PBXContainerItemProxy */ = {
			isa = PBXContainerItemProxy;
			containerPortal = 4988F5901AA44D5700A881E6 /* Project object */;
			proxyType = 1;
			remoteGlobalIDString = 4988F5971AA44D5700A881E6;
			remoteInfo = SFUMobileApp;
		};
/* End PBXContainerItemProxy section */

/* Begin PBXFileReference section */
		4624B6791AABFC9600C74CF1 /* NavController.h */ = {isa = PBXFileReference; fileEncoding = 4; lastKnownFileType = sourcecode.c.h; path = NavController.h; sourceTree = "<group>"; };
		4624B67A1AABFC9600C74CF1 /* NavController.m */ = {isa = PBXFileReference; fileEncoding = 4; lastKnownFileType = sourcecode.c.objc; path = NavController.m; sourceTree = "<group>"; };
		466BA7161AB2431C00F60CAD /* UIColor+Helper.h */ = {isa = PBXFileReference; fileEncoding = 4; lastKnownFileType = sourcecode.c.h; path = "UIColor+Helper.h"; sourceTree = "<group>"; };
		466BA7171AB2433B00F60CAD /* UIColor+Helper.m */ = {isa = PBXFileReference; fileEncoding = 4; lastKnownFileType = sourcecode.c.objc; path = "UIColor+Helper.m"; sourceTree = "<group>"; };
		4686BDCE1AB0AF08005ABC3C /* SSS_STYLESHEET_2.css */ = {isa = PBXFileReference; fileEncoding = 4; lastKnownFileType = text.css; path = SSS_STYLESHEET_2.css; sourceTree = "<group>"; };
		46F217E51AAD0E2E004C1FD7 /* CourseViewer.h */ = {isa = PBXFileReference; fileEncoding = 4; lastKnownFileType = sourcecode.c.h; path = CourseViewer.h; sourceTree = "<group>"; };
		46F217E61AAD0E2E004C1FD7 /* CourseViewer.m */ = {isa = PBXFileReference; fileEncoding = 4; lastKnownFileType = sourcecode.c.objc; path = CourseViewer.m; sourceTree = "<group>"; };
		46F217EC1AAD273C004C1FD7 /* community.jpg */ = {isa = PBXFileReference; lastKnownFileType = image.jpeg; name = community.jpg; path = Images/community.jpg; sourceTree = SOURCE_ROOT; };
		46F217ED1AAD273C004C1FD7 /* learning.jpg */ = {isa = PBXFileReference; lastKnownFileType = image.jpeg; name = learning.jpg; path = Images/learning.jpg; sourceTree = SOURCE_ROOT; };
		46F217EE1AAD273C004C1FD7 /* people.jpg */ = {isa = PBXFileReference; lastKnownFileType = image.jpeg; name = people.jpg; path = Images/people.jpg; sourceTree = SOURCE_ROOT; };
		46F217EF1AAD273C004C1FD7 /* research.jpg */ = {isa = PBXFileReference; lastKnownFileType = image.jpeg; name = research.jpg; path = Images/research.jpg; sourceTree = SOURCE_ROOT; };
		46F217F01AAD273C004C1FD7 /* sports.jpg */ = {isa = PBXFileReference; lastKnownFileType = image.jpeg; name = sports.jpg; path = Images/sports.jpg; sourceTree = SOURCE_ROOT; };
		46FB559D1AB24CDE004D447B /* QRController.h */ = {isa = PBXFileReference; fileEncoding = 4; lastKnownFileType = sourcecode.c.h; name = QRController.h; path = ../QRController.h; sourceTree = "<group>"; };
		46FB559E1AB24CDE004D447B /* QRController.m */ = {isa = PBXFileReference; fileEncoding = 4; lastKnownFileType = sourcecode.c.objc; name = QRController.m; path = ../QRController.m; sourceTree = "<group>"; };
		46FBF7001AACDDF900A10862 /* LoginController.h */ = {isa = PBXFileReference; fileEncoding = 4; lastKnownFileType = sourcecode.c.h; path = LoginController.h; sourceTree = "<group>"; };
		46FBF7011AACDDF900A10862 /* LoginController.m */ = {isa = PBXFileReference; fileEncoding = 4; lastKnownFileType = sourcecode.c.objc; path = LoginController.m; sourceTree = "<group>"; };
		46FBF7051AACE7C900A10862 /* updateWebForm.js */ = {isa = PBXFileReference; fileEncoding = 4; lastKnownFileType = sourcecode.javascript; path = updateWebForm.js; sourceTree = "<group>"; };
		493100B31AA9928C00DEE72F /* HomeScreen.h */ = {isa = PBXFileReference; lastKnownFileType = sourcecode.c.h; path = HomeScreen.h; sourceTree = "<group>"; };
		493100B41AA9929D00DEE72F /* HomeScreen.m */ = {isa = PBXFileReference; fileEncoding = 4; lastKnownFileType = sourcecode.c.objc; path = HomeScreen.m; sourceTree = "<group>"; };
		493100B61AA992E200DEE72F /* NewsDetailView.h */ = {isa = PBXFileReference; lastKnownFileType = sourcecode.c.h; path = NewsDetailView.h; sourceTree = "<group>"; };
		493100B71AA992E900DEE72F /* NewsDetailView.m */ = {isa = PBXFileReference; fileEncoding = 4; lastKnownFileType = sourcecode.c.objc; path = NewsDetailView.m; sourceTree = "<group>"; };
		493100B91AA9934500DEE72F /* NewsMenu.h */ = {isa = PBXFileReference; lastKnownFileType = sourcecode.c.h; path = NewsMenu.h; sourceTree = "<group>"; };
		493100BA1AA9934900DEE72F /* NewsMenu.m */ = {isa = PBXFileReference; fileEncoding = 4; lastKnownFileType = sourcecode.c.objc; path = NewsMenu.m; sourceTree = "<group>"; };
		493100BC1AA9935800DEE72F /* NewsMenuTableCell.h */ = {isa = PBXFileReference; lastKnownFileType = sourcecode.c.h; path = NewsMenuTableCell.h; sourceTree = "<group>"; };
		493100BD1AA9935C00DEE72F /* NewsMenuTableCell.m */ = {isa = PBXFileReference; fileEncoding = 4; lastKnownFileType = sourcecode.c.objc; path = NewsMenuTableCell.m; sourceTree = "<group>"; };
		493100BF1AA9936800DEE72F /* RSS_TableViewController.h */ = {isa = PBXFileReference; lastKnownFileType = sourcecode.c.h; path = RSS_TableViewController.h; sourceTree = "<group>"; };
		493100C01AA9936B00DEE72F /* RSS_TableViewController.m */ = {isa = PBXFileReference; fileEncoding = 4; lastKnownFileType = sourcecode.c.objc; path = RSS_TableViewController.m; sourceTree = "<group>"; };
		493100C21AA9937700DEE72F /* RSS_TableViewCell.h */ = {isa = PBXFileReference; lastKnownFileType = sourcecode.c.h; path = RSS_TableViewCell.h; sourceTree = "<group>"; };
		493100C31AA9937C00DEE72F /* RSS_TableViewCell.m */ = {isa = PBXFileReference; fileEncoding = 4; lastKnownFileType = sourcecode.c.objc; path = RSS_TableViewCell.m; sourceTree = "<group>"; };
		4988F5981AA44D5700A881E6 /* SFUMobileApp.app */ = {isa = PBXFileReference; explicitFileType = wrapper.application; includeInIndex = 0; path = SFUMobileApp.app; sourceTree = BUILT_PRODUCTS_DIR; };
		4988F59C1AA44D5700A881E6 /* Info.plist */ = {isa = PBXFileReference; lastKnownFileType = text.plist.xml; path = Info.plist; sourceTree = "<group>"; };
		4988F59D1AA44D5700A881E6 /* main.m */ = {isa = PBXFileReference; lastKnownFileType = sourcecode.c.objc; path = main.m; sourceTree = "<group>"; };
		4988F59F1AA44D5800A881E6 /* AppDelegate.h */ = {isa = PBXFileReference; lastKnownFileType = sourcecode.c.h; path = AppDelegate.h; sourceTree = "<group>"; };
		4988F5A01AA44D5800A881E6 /* AppDelegate.m */ = {isa = PBXFileReference; lastKnownFileType = sourcecode.c.objc; path = AppDelegate.m; sourceTree = "<group>"; };
		4988F5A61AA44D5800A881E6 /* Base */ = {isa = PBXFileReference; lastKnownFileType = file.storyboard; name = Base; path = Base.lproj/Main.storyboard; sourceTree = "<group>"; };
		4988F5A81AA44D5800A881E6 /* Images.xcassets */ = {isa = PBXFileReference; lastKnownFileType = folder.assetcatalog; path = Images.xcassets; sourceTree = "<group>"; };
		4988F5AB1AA44D5800A881E6 /* Base */ = {isa = PBXFileReference; lastKnownFileType = file.xib; name = Base; path = Base.lproj/LaunchScreen.xib; sourceTree = "<group>"; };
		4988F5B11AA44D5800A881E6 /* SFUMobileAppTests.xctest */ = {isa = PBXFileReference; explicitFileType = wrapper.cfbundle; includeInIndex = 0; path = SFUMobileAppTests.xctest; sourceTree = BUILT_PRODUCTS_DIR; };
		4988F5B61AA44D5800A881E6 /* Info.plist */ = {isa = PBXFileReference; lastKnownFileType = text.plist.xml; path = Info.plist; sourceTree = "<group>"; };
		4988F5B71AA44D5800A881E6 /* SFUMobileAppTests.m */ = {isa = PBXFileReference; lastKnownFileType = sourcecode.c.objc; path = SFUMobileAppTests.m; sourceTree = "<group>"; };
		49BE059A1AAA7ABD0094504A /* TFHpple.h */ = {isa = PBXFileReference; fileEncoding = 4; lastKnownFileType = sourcecode.c.h; path = TFHpple.h; sourceTree = "<group>"; };
		49BE059B1AAA7ABD0094504A /* TFHpple.m */ = {isa = PBXFileReference; fileEncoding = 4; lastKnownFileType = sourcecode.c.objc; path = TFHpple.m; sourceTree = "<group>"; };
		49BE059C1AAA7ABD0094504A /* TFHppleElement.h */ = {isa = PBXFileReference; fileEncoding = 4; lastKnownFileType = sourcecode.c.h; path = TFHppleElement.h; sourceTree = "<group>"; };
		49BE059D1AAA7ABD0094504A /* TFHppleElement.m */ = {isa = PBXFileReference; fileEncoding = 4; lastKnownFileType = sourcecode.c.objc; path = TFHppleElement.m; sourceTree = "<group>"; };
		49BE059E1AAA7ABD0094504A /* XPathQuery.h */ = {isa = PBXFileReference; fileEncoding = 4; lastKnownFileType = sourcecode.c.h; path = XPathQuery.h; sourceTree = "<group>"; };
		49BE059F1AAA7ABD0094504A /* XPathQuery.m */ = {isa = PBXFileReference; fileEncoding = 4; lastKnownFileType = sourcecode.c.objc; path = XPathQuery.m; sourceTree = "<group>"; };
		49BE05A31AAA7AFA0094504A /* SSS_STYLESHEET_1.css */ = {isa = PBXFileReference; fileEncoding = 4; lastKnownFileType = text.css; path = SSS_STYLESHEET_1.css; sourceTree = "<group>"; };
		49BE05A81AAA7C6C0094504A /* libxml2.dylib */ = {isa = PBXFileReference; lastKnownFileType = "compiled.mach-o.dylib"; name = libxml2.dylib; path = usr/lib/libxml2.dylib; sourceTree = SDKROOT; };
		49BE05AA1AAA7C770094504A /* CoreGraphics.framework */ = {isa = PBXFileReference; lastKnownFileType = wrapper.framework; name = CoreGraphics.framework; path = System/Library/Frameworks/CoreGraphics.framework; sourceTree = SDKROOT; };
		49BE05AC1AAA7C830094504A /* UIKit.framework */ = {isa = PBXFileReference; lastKnownFileType = wrapper.framework; name = UIKit.framework; path = System/Library/Frameworks/UIKit.framework; sourceTree = SDKROOT; };
		49BE05AE1AAA7C8C0094504A /* Foundation.framework */ = {isa = PBXFileReference; lastKnownFileType = wrapper.framework; name = Foundation.framework; path = System/Library/Frameworks/Foundation.framework; sourceTree = SDKROOT; };
		6DC67F141AABD04000DB7DA0 /* ConnectV2.h */ = {isa = PBXFileReference; fileEncoding = 4; lastKnownFileType = sourcecode.c.h; path = ConnectV2.h; sourceTree = "<group>"; };
		6DC67F151AABD04000DB7DA0 /* ConnectV2.m */ = {isa = PBXFileReference; fileEncoding = 4; lastKnownFileType = sourcecode.c.objc; path = ConnectV2.m; sourceTree = "<group>"; };
/* End PBXFileReference section */

/* Begin PBXFrameworksBuildPhase section */
		4988F5951AA44D5700A881E6 /* Frameworks */ = {
			isa = PBXFrameworksBuildPhase;
			buildActionMask = 2147483647;
			files = (
				49BE05AF1AAA7C8C0094504A /* Foundation.framework in Frameworks */,
				49BE05AD1AAA7C830094504A /* UIKit.framework in Frameworks */,
				49BE05AB1AAA7C770094504A /* CoreGraphics.framework in Frameworks */,
				49BE05A91AAA7C6C0094504A /* libxml2.dylib in Frameworks */,
			);
			runOnlyForDeploymentPostprocessing = 0;
		};
		4988F5AE1AA44D5800A881E6 /* Frameworks */ = {
			isa = PBXFrameworksBuildPhase;
			buildActionMask = 2147483647;
			files = (
			);
			runOnlyForDeploymentPostprocessing = 0;
		};
/* End PBXFrameworksBuildPhase section */

/* Begin PBXGroup section */
		46F217E81AAD2418004C1FD7 /* HomeScreen */ = {
			isa = PBXGroup;
			children = (
				493100B31AA9928C00DEE72F /* HomeScreen.h */,
				493100B41AA9929D00DEE72F /* HomeScreen.m */,
			);
			name = HomeScreen;
			sourceTree = "<group>";
		};
		46F217E91AAD242E004C1FD7 /* Connect */ = {
			isa = PBXGroup;
			children = (
				6DC67F141AABD04000DB7DA0 /* ConnectV2.h */,
				6DC67F151AABD04000DB7DA0 /* ConnectV2.m */,
			);
			name = Connect;
			sourceTree = "<group>";
		};
		46F217EA1AAD244C004C1FD7 /* News */ = {
			isa = PBXGroup;
			children = (
				493100B91AA9934500DEE72F /* NewsMenu.h */,
				493100BA1AA9934900DEE72F /* NewsMenu.m */,
				493100BC1AA9935800DEE72F /* NewsMenuTableCell.h */,
				493100BD1AA9935C00DEE72F /* NewsMenuTableCell.m */,
				493100BF1AA9936800DEE72F /* RSS_TableViewController.h */,
				493100C01AA9936B00DEE72F /* RSS_TableViewController.m */,
				493100C21AA9937700DEE72F /* RSS_TableViewCell.h */,
				493100C31AA9937C00DEE72F /* RSS_TableViewCell.m */,
				493100B61AA992E200DEE72F /* NewsDetailView.h */,
				493100B71AA992E900DEE72F /* NewsDetailView.m */,
			);
			name = News;
			sourceTree = "<group>";
		};
		46F217EB1AAD245C004C1FD7 /* CourseInfo */ = {
			isa = PBXGroup;
			children = (
				49BE059A1AAA7ABD0094504A /* TFHpple.h */,
				49BE059B1AAA7ABD0094504A /* TFHpple.m */,
				49BE059C1AAA7ABD0094504A /* TFHppleElement.h */,
				49BE059D1AAA7ABD0094504A /* TFHppleElement.m */,
				49BE059E1AAA7ABD0094504A /* XPathQuery.h */,
				49BE059F1AAA7ABD0094504A /* XPathQuery.m */,
				46FBF7001AACDDF900A10862 /* LoginController.h */,
				46FBF7011AACDDF900A10862 /* LoginController.m */,
				46F217E51AAD0E2E004C1FD7 /* CourseViewer.h */,
				46F217E61AAD0E2E004C1FD7 /* CourseViewer.m */,
			);
			name = CourseInfo;
			sourceTree = "<group>";
		};
		46FBF6FD1AACDC3600A10862 /* TalkingWithWebsites */ = {
			isa = PBXGroup;
			children = (
			);
			name = TalkingWithWebsites;
			sourceTree = "<group>";
		};
		491D603E1AA91F57006FA190 /* Images */ = {
			isa = PBXGroup;
			children = (
				46F217EC1AAD273C004C1FD7 /* community.jpg */,
				46F217ED1AAD273C004C1FD7 /* learning.jpg */,
				46F217EE1AAD273C004C1FD7 /* people.jpg */,
				46F217EF1AAD273C004C1FD7 /* research.jpg */,
				46F217F01AAD273C004C1FD7 /* sports.jpg */,
			);
			name = Images;
			path = /Users/Marc/Documents/Git/SFUMobileApp/Images;
			sourceTree = "<absolute>";
		};
		4988F58F1AA44D5700A881E6 = {
			isa = PBXGroup;
			children = (
				46FBF6FD1AACDC3600A10862 /* TalkingWithWebsites */,
				49BE05AE1AAA7C8C0094504A /* Foundation.framework */,
				49BE05AC1AAA7C830094504A /* UIKit.framework */,
				49BE05AA1AAA7C770094504A /* CoreGraphics.framework */,
				49BE05A81AAA7C6C0094504A /* libxml2.dylib */,
				4988F59A1AA44D5700A881E6 /* SFUMobileApp */,
				4988F5B41AA44D5800A881E6 /* SFUMobileAppTests */,
				4988F5991AA44D5700A881E6 /* Products */,
				491D603E1AA91F57006FA190 /* Images */,
			);
			sourceTree = "<group>";
		};
		4988F5991AA44D5700A881E6 /* Products */ = {
			isa = PBXGroup;
			children = (
				4988F5981AA44D5700A881E6 /* SFUMobileApp.app */,
				4988F5B11AA44D5800A881E6 /* SFUMobileAppTests.xctest */,
			);
			name = Products;
			sourceTree = "<group>";
		};
		4988F59A1AA44D5700A881E6 /* SFUMobileApp */ = {
			isa = PBXGroup;
			children = (
				46FBF7051AACE7C900A10862 /* updateWebForm.js */,
				46FB559D1AB24CDE004D447B /* QRController.h */,
				46FB559E1AB24CDE004D447B /* QRController.m */,
				4988F59F1AA44D5800A881E6 /* AppDelegate.h */,
				4988F5A01AA44D5800A881E6 /* AppDelegate.m */,
				466BA7171AB2433B00F60CAD /* UIColor+Helper.m */,
				466BA7161AB2431C00F60CAD /* UIColor+Helper.h */,
				4624B6791AABFC9600C74CF1 /* NavController.h */,
				4624B67A1AABFC9600C74CF1 /* NavController.m */,
				46F217E81AAD2418004C1FD7 /* HomeScreen */,
				46F217E91AAD242E004C1FD7 /* Connect */,
				46F217EA1AAD244C004C1FD7 /* News */,
				49BE05A31AAA7AFA0094504A /* SSS_STYLESHEET_1.css */,
				4686BDCE1AB0AF08005ABC3C /* SSS_STYLESHEET_2.css */,
				4988F59C1AA44D5700A881E6 /* Info.plist */,
				46F217EB1AAD245C004C1FD7 /* CourseInfo */,
				4988F5A51AA44D5800A881E6 /* Main.storyboard */,
				4988F5A81AA44D5800A881E6 /* Images.xcassets */,
				4988F5AA1AA44D5800A881E6 /* LaunchScreen.xib */,
				4988F59B1AA44D5700A881E6 /* Supporting Files */,
			);
			path = SFUMobileApp;
			sourceTree = "<group>";
		};
		4988F59B1AA44D5700A881E6 /* Supporting Files */ = {
			isa = PBXGroup;
			children = (
				4988F59D1AA44D5700A881E6 /* main.m */,
			);
			name = "Supporting Files";
			sourceTree = "<group>";
		};
		4988F5B41AA44D5800A881E6 /* SFUMobileAppTests */ = {
			isa = PBXGroup;
			children = (
				4988F5B71AA44D5800A881E6 /* SFUMobileAppTests.m */,
				4988F5B51AA44D5800A881E6 /* Supporting Files */,
			);
			path = SFUMobileAppTests;
			sourceTree = "<group>";
		};
		4988F5B51AA44D5800A881E6 /* Supporting Files */ = {
			isa = PBXGroup;
			children = (
				4988F5B61AA44D5800A881E6 /* Info.plist */,
			);
			name = "Supporting Files";
			sourceTree = "<group>";
		};
/* End PBXGroup section */

/* Begin PBXNativeTarget section */
		4988F5971AA44D5700A881E6 /* SFUMobileApp */ = {
			isa = PBXNativeTarget;
			buildConfigurationList = 4988F5BB1AA44D5800A881E6 /* Build configuration list for PBXNativeTarget "SFUMobileApp" */;
			buildPhases = (
				4988F5941AA44D5700A881E6 /* Sources */,
				4988F5951AA44D5700A881E6 /* Frameworks */,
				4988F5961AA44D5700A881E6 /* Resources */,
			);
			buildRules = (
			);
			dependencies = (
			);
			name = SFUMobileApp;
			productName = SFUMobileApp;
			productReference = 4988F5981AA44D5700A881E6 /* SFUMobileApp.app */;
			productType = "com.apple.product-type.application";
		};
		4988F5B01AA44D5800A881E6 /* SFUMobileAppTests */ = {
			isa = PBXNativeTarget;
			buildConfigurationList = 4988F5BE1AA44D5800A881E6 /* Build configuration list for PBXNativeTarget "SFUMobileAppTests" */;
			buildPhases = (
				4988F5AD1AA44D5800A881E6 /* Sources */,
				4988F5AE1AA44D5800A881E6 /* Frameworks */,
				4988F5AF1AA44D5800A881E6 /* Resources */,
			);
			buildRules = (
			);
			dependencies = (
				4988F5B31AA44D5800A881E6 /* PBXTargetDependency */,
			);
			name = SFUMobileAppTests;
			productName = SFUMobileAppTests;
			productReference = 4988F5B11AA44D5800A881E6 /* SFUMobileAppTests.xctest */;
			productType = "com.apple.product-type.bundle.unit-test";
		};
/* End PBXNativeTarget section */

/* Begin PBXProject section */
		4988F5901AA44D5700A881E6 /* Project object */ = {
			isa = PBXProject;
			attributes = {
				LastUpgradeCheck = 0610;
				ORGANIZATIONNAME = "Marc Ho";
				TargetAttributes = {
					4988F5971AA44D5700A881E6 = {
						CreatedOnToolsVersion = 6.1.1;
						DevelopmentTeam = XM6475YHW9;
					};
					4988F5B01AA44D5800A881E6 = {
						CreatedOnToolsVersion = 6.1.1;
						TestTargetID = 4988F5971AA44D5700A881E6;
					};
				};
			};
			buildConfigurationList = 4988F5931AA44D5700A881E6 /* Build configuration list for PBXProject "SFUMobileApp" */;
			compatibilityVersion = "Xcode 3.2";
			developmentRegion = English;
			hasScannedForEncodings = 0;
			knownRegions = (
				en,
				Base,
			);
			mainGroup = 4988F58F1AA44D5700A881E6;
			productRefGroup = 4988F5991AA44D5700A881E6 /* Products */;
			projectDirPath = "";
			projectRoot = "";
			targets = (
				4988F5971AA44D5700A881E6 /* SFUMobileApp */,
				4988F5B01AA44D5800A881E6 /* SFUMobileAppTests */,
			);
		};
/* End PBXProject section */

/* Begin PBXResourcesBuildPhase section */
		4988F5961AA44D5700A881E6 /* Resources */ = {
			isa = PBXResourcesBuildPhase;
			buildActionMask = 2147483647;
			files = (
				46F217F31AAD273C004C1FD7 /* people.jpg in Resources */,
				4686BDCF1AB0AF08005ABC3C /* SSS_STYLESHEET_2.css in Resources */,
				46FBF7061AACE7C900A10862 /* updateWebForm.js in Resources */,
				46F217F41AAD273C004C1FD7 /* research.jpg in Resources */,
				46F217F11AAD273C004C1FD7 /* community.jpg in Resources */,
				49BE05A41AAA7AFA0094504A /* SSS_STYLESHEET_1.css in Resources */,
				46F217F51AAD273C004C1FD7 /* sports.jpg in Resources */,
				4988F5A71AA44D5800A881E6 /* Main.storyboard in Resources */,
				4988F5AC1AA44D5800A881E6 /* LaunchScreen.xib in Resources */,
				46F217F21AAD273C004C1FD7 /* learning.jpg in Resources */,
				4988F5A91AA44D5800A881E6 /* Images.xcassets in Resources */,
			);
			runOnlyForDeploymentPostprocessing = 0;
		};
		4988F5AF1AA44D5800A881E6 /* Resources */ = {
			isa = PBXResourcesBuildPhase;
			buildActionMask = 2147483647;
			files = (
			);
			runOnlyForDeploymentPostprocessing = 0;
		};
/* End PBXResourcesBuildPhase section */

/* Begin PBXSourcesBuildPhase section */
		4988F5941AA44D5700A881E6 /* Sources */ = {
			isa = PBXSourcesBuildPhase;
			buildActionMask = 2147483647;
			files = (
				6DC67F161AABD04000DB7DA0 /* ConnectV2.m in Sources */,
				49BE05A11AAA7ABD0094504A /* TFHppleElement.m in Sources */,
				493100B51AA9929D00DEE72F /* HomeScreen.m in Sources */,
				466BA7181AB2433B00F60CAD /* UIColor+Helper.m in Sources */,
				4624B67B1AABFC9600C74CF1 /* NavController.m in Sources */,
				493100C41AA9937C00DEE72F /* RSS_TableViewCell.m in Sources */,
				46FBF7021AACDDF900A10862 /* LoginController.m in Sources */,
				46FB559F1AB24CDE004D447B /* QRController.m in Sources */,
				4988F5A11AA44D5800A881E6 /* AppDelegate.m in Sources */,
				493100BB1AA9934900DEE72F /* NewsMenu.m in Sources */,
				493100B81AA992E900DEE72F /* NewsDetailView.m in Sources */,
				49BE05A21AAA7ABD0094504A /* XPathQuery.m in Sources */,
				46F217E71AAD0E2E004C1FD7 /* CourseViewer.m in Sources */,
				493100BE1AA9935C00DEE72F /* NewsMenuTableCell.m in Sources */,
				493100C11AA9936B00DEE72F /* RSS_TableViewController.m in Sources */,
				49BE05A01AAA7ABD0094504A /* TFHpple.m in Sources */,
				4988F59E1AA44D5700A881E6 /* main.m in Sources */,
			);
			runOnlyForDeploymentPostprocessing = 0;
		};
		4988F5AD1AA44D5800A881E6 /* Sources */ = {
			isa = PBXSourcesBuildPhase;
			buildActionMask = 2147483647;
			files = (
				4988F5B81AA44D5800A881E6 /* SFUMobileAppTests.m in Sources */,
			);
			runOnlyForDeploymentPostprocessing = 0;
		};
/* End PBXSourcesBuildPhase section */

/* Begin PBXTargetDependency section */
		4988F5B31AA44D5800A881E6 /* PBXTargetDependency */ = {
			isa = PBXTargetDependency;
			target = 4988F5971AA44D5700A881E6 /* SFUMobileApp */;
			targetProxy = 4988F5B21AA44D5800A881E6 /* PBXContainerItemProxy */;
		};
/* End PBXTargetDependency section */

/* Begin PBXVariantGroup section */
		4988F5A51AA44D5800A881E6 /* Main.storyboard */ = {
			isa = PBXVariantGroup;
			children = (
				4988F5A61AA44D5800A881E6 /* Base */,
			);
			name = Main.storyboard;
			sourceTree = "<group>";
		};
		4988F5AA1AA44D5800A881E6 /* LaunchScreen.xib */ = {
			isa = PBXVariantGroup;
			children = (
				4988F5AB1AA44D5800A881E6 /* Base */,
			);
			name = LaunchScreen.xib;
			sourceTree = "<group>";
		};
/* End PBXVariantGroup section */

/* Begin XCBuildConfiguration section */
		4988F5B91AA44D5800A881E6 /* Debug */ = {
			isa = XCBuildConfiguration;
			buildSettings = {
				ALWAYS_SEARCH_USER_PATHS = NO;
				CLANG_CXX_LANGUAGE_STANDARD = "gnu++0x";
				CLANG_CXX_LIBRARY = "libc++";
				CLANG_ENABLE_MODULES = YES;
				CLANG_ENABLE_OBJC_ARC = YES;
				CLANG_WARN_BOOL_CONVERSION = YES;
				CLANG_WARN_CONSTANT_CONVERSION = YES;
				CLANG_WARN_DIRECT_OBJC_ISA_USAGE = YES_ERROR;
				CLANG_WARN_EMPTY_BODY = YES;
				CLANG_WARN_ENUM_CONVERSION = YES;
				CLANG_WARN_INT_CONVERSION = YES;
				CLANG_WARN_OBJC_ROOT_CLASS = YES_ERROR;
				CLANG_WARN_UNREACHABLE_CODE = YES;
				CLANG_WARN__DUPLICATE_METHOD_MATCH = YES;
				"CODE_SIGN_IDENTITY[sdk=iphoneos*]" = "iPhone Developer";
				COPY_PHASE_STRIP = NO;
				ENABLE_STRICT_OBJC_MSGSEND = YES;
				GCC_C_LANGUAGE_STANDARD = gnu99;
				GCC_DYNAMIC_NO_PIC = NO;
				GCC_OPTIMIZATION_LEVEL = 0;
				GCC_PREPROCESSOR_DEFINITIONS = (
					"DEBUG=1",
					"$(inherited)",
				);
				GCC_SYMBOLS_PRIVATE_EXTERN = NO;
				GCC_WARN_64_TO_32_BIT_CONVERSION = YES;
				GCC_WARN_ABOUT_RETURN_TYPE = YES_ERROR;
				GCC_WARN_UNDECLARED_SELECTOR = YES;
				GCC_WARN_UNINITIALIZED_AUTOS = YES_AGGRESSIVE;
				GCC_WARN_UNUSED_FUNCTION = YES;
				GCC_WARN_UNUSED_VARIABLE = YES;
				IPHONEOS_DEPLOYMENT_TARGET = 8.1;
				MTL_ENABLE_DEBUG_INFO = YES;
				ONLY_ACTIVE_ARCH = YES;
				SDKROOT = iphoneos;
				TARGETED_DEVICE_FAMILY = "1,2";
			};
			name = Debug;
		};
		4988F5BA1AA44D5800A881E6 /* Release */ = {
			isa = XCBuildConfiguration;
			buildSettings = {
				ALWAYS_SEARCH_USER_PATHS = NO;
				CLANG_CXX_LANGUAGE_STANDARD = "gnu++0x";
				CLANG_CXX_LIBRARY = "libc++";
				CLANG_ENABLE_MODULES = YES;
				CLANG_ENABLE_OBJC_ARC = YES;
				CLANG_WARN_BOOL_CONVERSION = YES;
				CLANG_WARN_CONSTANT_CONVERSION = YES;
				CLANG_WARN_DIRECT_OBJC_ISA_USAGE = YES_ERROR;
				CLANG_WARN_EMPTY_BODY = YES;
				CLANG_WARN_ENUM_CONVERSION = YES;
				CLANG_WARN_INT_CONVERSION = YES;
				CLANG_WARN_OBJC_ROOT_CLASS = YES_ERROR;
				CLANG_WARN_UNREACHABLE_CODE = YES;
				CLANG_WARN__DUPLICATE_METHOD_MATCH = YES;
				"CODE_SIGN_IDENTITY[sdk=iphoneos*]" = "iPhone Developer";
				COPY_PHASE_STRIP = YES;
				ENABLE_NS_ASSERTIONS = NO;
				ENABLE_STRICT_OBJC_MSGSEND = YES;
				GCC_C_LANGUAGE_STANDARD = gnu99;
				GCC_WARN_64_TO_32_BIT_CONVERSION = YES;
				GCC_WARN_ABOUT_RETURN_TYPE = YES_ERROR;
				GCC_WARN_UNDECLARED_SELECTOR = YES;
				GCC_WARN_UNINITIALIZED_AUTOS = YES_AGGRESSIVE;
				GCC_WARN_UNUSED_FUNCTION = YES;
				GCC_WARN_UNUSED_VARIABLE = YES;
				IPHONEOS_DEPLOYMENT_TARGET = 8.1;
				MTL_ENABLE_DEBUG_INFO = NO;
				SDKROOT = iphoneos;
				TARGETED_DEVICE_FAMILY = "1,2";
				VALIDATE_PRODUCT = YES;
			};
			name = Release;
		};
		4988F5BC1AA44D5800A881E6 /* Debug */ = {
			isa = XCBuildConfiguration;
			buildSettings = {
				ASSETCATALOG_COMPILER_APPICON_NAME = AppIcon;
				CODE_SIGN_IDENTITY = "iPhone Developer";
				HEADER_SEARCH_PATHS = (
					"$(inherited)",
					/Applications/Xcode.app/Contents/Developer/Toolchains/XcodeDefault.xctoolchain/usr/include,
					"$(SDKROOT)/usr/include/libxml2",
				);
				INFOPLIST_FILE = SFUMobileApp/Info.plist;
				LD_RUNPATH_SEARCH_PATHS = "$(inherited) @executable_path/Frameworks";
				PRODUCT_NAME = "$(TARGET_NAME)";
			};
			name = Debug;
		};
		4988F5BD1AA44D5800A881E6 /* Release */ = {
			isa = XCBuildConfiguration;
			buildSettings = {
				ASSETCATALOG_COMPILER_APPICON_NAME = AppIcon;
				CODE_SIGN_IDENTITY = "iPhone Developer";
				HEADER_SEARCH_PATHS = (
					"$(inherited)",
					/Applications/Xcode.app/Contents/Developer/Toolchains/XcodeDefault.xctoolchain/usr/include,
					"$(SDKROOT)/usr/include/libxml2",
				);
				INFOPLIST_FILE = SFUMobileApp/Info.plist;
				LD_RUNPATH_SEARCH_PATHS = "$(inherited) @executable_path/Frameworks";
				PRODUCT_NAME = "$(TARGET_NAME)";
			};
			name = Release;
		};
		4988F5BF1AA44D5800A881E6 /* Debug */ = {
			isa = XCBuildConfiguration;
			buildSettings = {
				BUNDLE_LOADER = "$(TEST_HOST)";
				FRAMEWORK_SEARCH_PATHS = (
					"$(SDKROOT)/Developer/Library/Frameworks",
					"$(inherited)",
				);
				GCC_PREPROCESSOR_DEFINITIONS = (
					"DEBUG=1",
					"$(inherited)",
				);
				INFOPLIST_FILE = SFUMobileAppTests/Info.plist;
				LD_RUNPATH_SEARCH_PATHS = "$(inherited) @executable_path/Frameworks @loader_path/Frameworks";
				PRODUCT_NAME = "$(TARGET_NAME)";
				TEST_HOST = "$(BUILT_PRODUCTS_DIR)/SFUMobileApp.app/SFUMobileApp";
			};
			name = Debug;
		};
		4988F5C01AA44D5800A881E6 /* Release */ = {
			isa = XCBuildConfiguration;
			buildSettings = {
				BUNDLE_LOADER = "$(TEST_HOST)";
				FRAMEWORK_SEARCH_PATHS = (
					"$(SDKROOT)/Developer/Library/Frameworks",
					"$(inherited)",
				);
				INFOPLIST_FILE = SFUMobileAppTests/Info.plist;
				LD_RUNPATH_SEARCH_PATHS = "$(inherited) @executable_path/Frameworks @loader_path/Frameworks";
				PRODUCT_NAME = "$(TARGET_NAME)";
				TEST_HOST = "$(BUILT_PRODUCTS_DIR)/SFUMobileApp.app/SFUMobileApp";
			};
			name = Release;
		};
/* End XCBuildConfiguration section */

/* Begin XCConfigurationList section */
		4988F5931AA44D5700A881E6 /* Build configuration list for PBXProject "SFUMobileApp" */ = {
			isa = XCConfigurationList;
			buildConfigurations = (
				4988F5B91AA44D5800A881E6 /* Debug */,
				4988F5BA1AA44D5800A881E6 /* Release */,
			);
			defaultConfigurationIsVisible = 0;
			defaultConfigurationName = Release;
		};
		4988F5BB1AA44D5800A881E6 /* Build configuration list for PBXNativeTarget "SFUMobileApp" */ = {
			isa = XCConfigurationList;
			buildConfigurations = (
				4988F5BC1AA44D5800A881E6 /* Debug */,
				4988F5BD1AA44D5800A881E6 /* Release */,
			);
			defaultConfigurationIsVisible = 0;
			defaultConfigurationName = Release;
		};
		4988F5BE1AA44D5800A881E6 /* Build configuration list for PBXNativeTarget "SFUMobileAppTests" */ = {
			isa = XCConfigurationList;
			buildConfigurations = (
				4988F5BF1AA44D5800A881E6 /* Debug */,
				4988F5C01AA44D5800A881E6 /* Release */,
			);
			defaultConfigurationIsVisible = 0;
			defaultConfigurationName = Release;
		};
/* End XCConfigurationList section */
	};
	rootObject = 4988F5901AA44D5700A881E6 /* Project object */;
}
